
Microsoft Visual Studio Solution File, Format Version 12.00
# Visual Studio Version 16
VisualStudioVersion = 16.0.32510.428
MinimumVisualStudioVersion = 10.0.40219.1
Project("{FAE04EC0-301F-11D3-BF4B-00C04F79EFBC}") = "EX33_2", "EX33_2\EX33_2.csproj", "{517BFEC3-6104-4E89-8993-AD97B6EA5E88}"
EndProject
Global
	GlobalSection(SolutionConfigurationPlatforms) = preSolution
		Debug|Any CPU = Debug|Any CPU
		Release|Any CPU = Release|Any CPU
	EndGlobalSection
	GlobalSection(ProjectConfigurationPlatforms) = postSolution
		{517BFEC3-6104-4E89-8993-AD97B6EA5E88}.Debug|Any CPU.ActiveCfg = Debug|Any CPU
		{517BFEC3-6104-4E89-8993-AD97B6EA5E88}.Debug|Any CPU.Build.0 = Debug|Any CPU
		{517BFEC3-6104-4E89-8993-AD97B6EA5E88}.Release|Any CPU.ActiveCfg = Release|Any CPU
		{517BFEC3-6104-4E89-8993-AD97B6EA5E88}.Release|Any CPU.Build.0 = Release|Any CPU
	EndGlobalSection
	GlobalSection(SolutionProperties) = preSolution
		HideSolutionNode = FALSE
	EndGlobalSection
	GlobalSection(ExtensibilityGlobals) = postSolution
		SolutionGuid = {18E44300-8FB4-43B9-8F79-7847FC420230}
	EndGlobalSection
EndGlobal
